{
    "_readme": [
        "This file locks the dependencies of your project to a known state",
        "Read more about it at https://getcomposer.org/doc/01-basic-usage.md#installing-dependencies",
        "This file is @generated automatically"
    ],
    "content-hash": "985120fe36aab68f9809dc9e279a8a9d",
    "packages": [
        {
            "name": "ramiro/css-ext",
            "version": "dev-main",
            "source": {
                "type": "git",
                "url": "https://github.com/rgg7888/cssExt.git",
                "reference": "505ca1df3635bb62ee0ea629092d93661dfad978"
            },
            "dist": {
                "type": "zip",
                "url": "https://api.github.com/repos/rgg7888/cssExt/zipball/505ca1df3635bb62ee0ea629092d93661dfad978",
                "reference": "505ca1df3635bb62ee0ea629092d93661dfad978",
                "shasum": ""
            },
            "require": {
                "ramiro/html-wrapper": "dev-main"
            },
            "require-dev": {
                "phpunit/phpunit": "^9.5-dev"
            },
            "default-branch": true,
            "type": "library",
            "autoload": {
                "psr-4": {
                    "App\\selector\\": "src/selector/",
                    "App\\tags\\style\\": "src/style/",
                    "App\\css\\": "src/css/"
                },
                "files": [
                    "src/helpers.php"
                ]
            },
            "notification-url": "https://packagist.org/downloads/",
            "license": [
                "MIT"
            ],
            "authors": [
                {
                    "name": "rgg7888",
                    "email": "rgg7888@outlook.com"
                }
            ],
            "description": "extension para crear selectores , queries y, propiedades css en html-armor templates",
            "support": {
                "issues": "https://github.com/rgg7888/cssExt/issues",
                "source": "https://github.com/rgg7888/cssExt/tree/main"
            },
            "time": "2021-05-19T16:30:33+00:00"
        },
        {
            "name": "ramiro/html-meta-group",
            "version": "dev-main",
            "source": {
                "type": "git",
                "url": "https://github.com/rgg7888/htmlMetaGroup.git",
                "reference": "cdc0004f358e8a0218ea71a4e54503c82a7a523e"
            },
            "dist": {
                "type": "zip",
                "url": "https://api.github.com/repos/rgg7888/htmlMetaGroup/zipball/cdc0004f358e8a0218ea71a4e54503c82a7a523e",
                "reference": "cdc0004f358e8a0218ea71a4e54503c82a7a523e",
                "shasum": ""
            },
            "require": {
                "ramiro/html-wrapper": "dev-main"
            },
            "require-dev": {
                "phpunit/phpunit": "9.5.x-dev"
            },
            "default-branch": true,
            "type": "library",
            "autoload": {
                "psr-4": {
                    "App\\hmg\\": "src/html-meta-group/",
                    "App\\mt\\": "src/html-meta-tag/"
                },
                "files": [
                    "src/helpers.php"
                ]
            },
            "notification-url": "https://packagist.org/downloads/",
            "license": [
                "MIT"
            ],
            "authors": [
                {
                    "name": "rgg7888",
                    "email": "rgg7888@outlook.com"
                }
            ],
            "description": "Etiqueta meta para el head y metodos para generar un grupo de ellas.",
            "support": {
                "issues": "https://github.com/rgg7888/htmlMetaGroup/issues",
                "source": "https://github.com/rgg7888/htmlMetaGroup/tree/main"
            },
            "time": "2021-05-19T16:49:16+00:00"
        },
        {
            "name": "ramiro/html-mirror-tags",
            "version": "dev-main",
            "source": {
                "type": "git",
                "url": "https://github.com/rgg7888/htmlMirrorTags.git",
                "reference": "681d17c58c0996bcbc602bfd700122ffa1525d0c"
            },
            "dist": {
                "type": "zip",
                "url": "https://api.github.com/repos/rgg7888/htmlMirrorTags/zipball/681d17c58c0996bcbc602bfd700122ffa1525d0c",
                "reference": "681d17c58c0996bcbc602bfd700122ffa1525d0c",
                "shasum": ""
            },
            "require": {
                "ramiro/html-wrapper": "dev-main"
            },
            "require-dev": {
                "phpunit/phpunit": "9.5.x-dev"
            },
            "default-branch": true,
            "type": "library",
            "autoload": {
                "psr-4": {
                    "App\\tags\\mirrorNav\\": "src/nav/",
                    "App\\tags\\mirrorDiv\\": "src/div/",
                    "App\\tags\\mirrorA\\": "src/a/",
                    "App\\tags\\mirrorUl\\": "src/ul/",
                    "App\\tags\\mirrorLi\\": "src/li/",
                    "App\\tags\\mirrorI\\": "src/i/",
                    "App\\tags\\mirrorFooter\\": "src/footer/"
                },
                "files": [
                    "src/helpers.php"
                ]
            },
            "notification-url": "https://packagist.org/downloads/",
            "license": [
                "MIT"
            ],
            "authors": [
                {
                    "name": "rgg7888",
                    "email": "rgg7888@outlook.com"
                }
            ],
            "description": "etiquetas espejo para generar html tags con html-armor",
            "support": {
                "issues": "https://github.com/rgg7888/htmlMirrorTags/issues",
                "source": "https://github.com/rgg7888/htmlMirrorTags/tree/main"
            },
            "time": "2021-05-19T07:07:32+00:00"
        },
        {
            "name": "ramiro/html-tags",
            "version": "dev-main",
            "source": {
                "type": "git",
                "url": "https://github.com/rgg7888/htmlTags.git",
                "reference": "6973117928c420c40c68276f744f08de9de2c2cb"
            },
            "dist": {
                "type": "zip",
                "url": "https://api.github.com/repos/rgg7888/htmlTags/zipball/6973117928c420c40c68276f744f08de9de2c2cb",
                "reference": "6973117928c420c40c68276f744f08de9de2c2cb",
                "shasum": ""
            },
            "require": {
                "ramiro/html-wrapper": "dev-main"
            },
            "require-dev": {
                "phpunit/phpunit": "9.5.x-dev"
            },
            "default-branch": true,
            "type": "library",
            "autoload": {
                "psr-4": {
                    "App\\tags\\title\\": "src/title/",
                    "App\\tags\\link\\": "src/link/",
                    "App\\tags\\script\\": "src/script/",
                    "App\\tags\\nav\\": "src/nav/",
                    "App\\tags\\div\\": "src/div/",
                    "App\\tags\\a\\": "src/a/",
                    "App\\tags\\ul\\": "src/ul/",
                    "App\\tags\\li\\": "src/li/",
                    "App\\tags\\i\\": "src/i/",
                    "App\\tags\\footer\\": "src/footer/"
                },
                "files": [
                    "src/helpers.php"
                ]
            },
            "notification-url": "https://packagist.org/downloads/",
            "license": [
                "MIT"
            ],
            "authors": [
                {
                    "name": "rgg7888",
                    "email": "rgg7888@outlook.com"
                }
            ],
            "description": "Etiquetas html utilizando html-armor.",
            "support": {
                "issues": "https://github.com/rgg7888/htmlTags/issues",
                "source": "https://github.com/rgg7888/htmlTags/tree/main"
            },
            "time": "2021-05-19T07:06:26+00:00"
        },
        {
            "name": "ramiro/html-wrapper",
            "version": "dev-main",
            "source": {
                "type": "git",
                "url": "https://github.com/rgg7888/htmlWrapper.git",
                "reference": "b11ece23240b3813737ee998616f5c49af407a59"
            },
            "dist": {
                "type": "zip",
                "url": "https://api.github.com/repos/rgg7888/htmlWrapper/zipball/b11ece23240b3813737ee998616f5c49af407a59",
                "reference": "b11ece23240b3813737ee998616f5c49af407a59",
                "shasum": ""
            },
            "require-dev": {
                "phpunit/phpunit": "9.5.x-dev"
            },
            "default-branch": true,
            "type": "library",
            "autoload": {
                "psr-4": {
                    "App\\ha\\": "src/html-armor/",
                    "App\\piezas\\": "src/piezas/",
                    "App\\wrapper\\": "src/wrapper/"
                },
                "files": [
                    "src/helpers.php"
                ]
            },
            "notification-url": "https://packagist.org/downloads/",
            "license": [
                "MIT"
            ],
            "authors": [
                {
                    "name": "rgg7888",
                    "email": "rgg7888@outlook.com"
                }
            ],
            "description": "wrapper html para contener una pagina web.",
            "support": {
                "issues": "https://github.com/rgg7888/htmlWrapper/issues",
                "source": "https://github.com/rgg7888/htmlWrapper/tree/main"
            },
            "time": "2021-05-17T20:24:10+00:00"
        }
    ],
    "packages-dev": [],
    "aliases": [],
    "minimum-stability": "dev",
    "stability-flags": {
        "ramiro/html-wrapper": 20,
        "ramiro/html-meta-group": 20,
        "ramiro/html-tags": 20,
        "ramiro/html-mirror-tags": 20,
        "ramiro/css-ext": 20
    },
    "prefer-stable": false,
    "prefer-lowest": false,
    "platform": [],
    "platform-dev": [],
    "plugin-api-version": "2.0.0"
}
